
Microsoft Visual Studio Solution File, Format Version 12.00
# Visual Studio Version 17
VisualStudioVersion = 17.6.33723.286
MinimumVisualStudioVersion = 10.0.40219.1
Project("{FAE04EC0-301F-11D3-BF4B-00C04F79EFBC}") = "FirstCoreMVCApplication", "FirstCoreMVCApplication\FirstCoreMVCApplication.csproj", "{AA290670-C2B4-421E-9D2E-19EFE02AC78B}"
EndProject
Global
	GlobalSection(SolutionConfigurationPlatforms) = preSolution
		Debug|Any CPU = Debug|Any CPU
		Release|Any CPU = Release|Any CPU
	EndGlobalSection
	GlobalSection(ProjectConfigurationPlatforms) = postSolution
		{AA290670-C2B4-421E-9D2E-19EFE02AC78B}.Debug|Any CPU.ActiveCfg = Debug|Any CPU
		{AA290670-C2B4-421E-9D2E-19EFE02AC78B}.Debug|Any CPU.Build.0 = Debug|Any CPU
		{AA290670-C2B4-421E-9D2E-19EFE02AC78B}.Release|Any CPU.ActiveCfg = Release|Any CPU
		{AA290670-C2B4-421E-9D2E-19EFE02AC78B}.Release|Any CPU.Build.0 = Release|Any CPU
	EndGlobalSection
	GlobalSection(SolutionProperties) = preSolution
		HideSolutionNode = FALSE
	EndGlobalSection
	GlobalSection(ExtensibilityGlobals) = postSolution
		SolutionGuid = {FB3141C6-D7B9-42F6-84A1-913FED85B4FB}
	EndGlobalSection
EndGlobal
